
Microsoft Visual Studio Solution File, Format Version 12.00
# Visual Studio Version 17
VisualStudioVersion = 17.5.002.0
MinimumVisualStudioVersion = 10.0.40219.1
Project("{9A19103F-16F7-4668-BE54-9A1E7A4F7556}") = "extensions", "extensions.csproj", "{C74073B8-85B2-4F4C-B518-EC68F5F4FA8F}"
EndProject
Global
	GlobalSection(SolutionConfigurationPlatforms) = preSolution
		Debug|Any CPU = Debug|Any CPU
		Release|Any CPU = Release|Any CPU
	EndGlobalSection
	GlobalSection(ProjectConfigurationPlatforms) = postSolution
		{C74073B8-85B2-4F4C-B518-EC68F5F4FA8F}.Debug|Any CPU.ActiveCfg = Debug|Any CPU
		{C74073B8-85B2-4F4C-B518-EC68F5F4FA8F}.Debug|Any CPU.Build.0 = Debug|Any CPU
		{C74073B8-85B2-4F4C-B518-EC68F5F4FA8F}.Release|Any CPU.ActiveCfg = Release|Any CPU
		{C74073B8-85B2-4F4C-B518-EC68F5F4FA8F}.Release|Any CPU.Build.0 = Release|Any CPU
	EndGlobalSection
	GlobalSection(SolutionProperties) = preSolution
		HideSolutionNode = FALSE
	EndGlobalSection
	GlobalSection(ExtensibilityGlobals) = postSolution
		SolutionGuid = {88C07622-8F30-4909-83EC-3CAA8F641FC4}
	EndGlobalSection
EndGlobal
