
Microsoft Visual Studio Solution File, Format Version 12.00
# Visual Studio Version 16
VisualStudioVersion = 16.0.30907.101
MinimumVisualStudioVersion = 10.0.40219.1
Project("{00D1A9C2-B5F0-4AF3-8072-F6C62B433612}") = "TiendaDB", "TiendaDB.sqlproj", "{5B32D3A4-5071-4182-8F4D-76FF42975F5A}"
EndProject
Global
	GlobalSection(SolutionConfigurationPlatforms) = preSolution
		Debug|Any CPU = Debug|Any CPU
		Release|Any CPU = Release|Any CPU
	EndGlobalSection
	GlobalSection(ProjectConfigurationPlatforms) = postSolution
		{5B32D3A4-5071-4182-8F4D-76FF42975F5A}.Debug|Any CPU.ActiveCfg = Debug|Any CPU
		{5B32D3A4-5071-4182-8F4D-76FF42975F5A}.Debug|Any CPU.Build.0 = Debug|Any CPU
		{5B32D3A4-5071-4182-8F4D-76FF42975F5A}.Debug|Any CPU.Deploy.0 = Debug|Any CPU
		{5B32D3A4-5071-4182-8F4D-76FF42975F5A}.Release|Any CPU.ActiveCfg = Release|Any CPU
		{5B32D3A4-5071-4182-8F4D-76FF42975F5A}.Release|Any CPU.Build.0 = Release|Any CPU
		{5B32D3A4-5071-4182-8F4D-76FF42975F5A}.Release|Any CPU.Deploy.0 = Release|Any CPU
	EndGlobalSection
	GlobalSection(SolutionProperties) = preSolution
		HideSolutionNode = FALSE
	EndGlobalSection
	GlobalSection(ExtensibilityGlobals) = postSolution
		SolutionGuid = {C877B060-8AB1-4B61-8607-B016FEFD2481}
	EndGlobalSection
EndGlobal
