
Microsoft Visual Studio Solution File, Format Version 12.00
# Visual Studio Version 16
VisualStudioVersion = 16.0.30114.105
MinimumVisualStudioVersion = 10.0.40219.1
Project("{2150E333-8FDC-42A3-9474-1A3956D46DE8}") = "src", "src", "{407CF4A6-F572-44BC-8204-4E8E9783EEFC}"
EndProject
Project("{FAE04EC0-301F-11D3-BF4B-00C04F79EFBC}") = "Lemoncode.Books.Domain", "src\Lemoncode.Books.Domain\Lemoncode.Books.Domain.csproj", "{6258520F-4666-4ABC-81C1-376C3B8EEBC3}"
EndProject
Project("{FAE04EC0-301F-11D3-BF4B-00C04F79EFBC}") = "Lemoncode.Books.Application", "src\Lemoncode.Books.Application\Lemoncode.Books.Application.csproj", "{AA4BE027-9AC0-4615-8974-D392811C40FC}"
EndProject
Project("{FAE04EC0-301F-11D3-BF4B-00C04F79EFBC}") = "Lemoncode.Books.WebApi", "src\Lemoncode.Books.WebApi\Lemoncode.Books.WebApi.csproj", "{C62F5EE1-4BD7-4999-AD4B-A3B46510D6D0}"
EndProject
Project("{2150E333-8FDC-42A3-9474-1A3956D46DE8}") = "test", "test", "{DE46B109-7FCB-448C-853F-22A67DBB3417}"
EndProject
Project("{FAE04EC0-301F-11D3-BF4B-00C04F79EFBC}") = "Lemoncode.Books.FunctionalTests", "test\Lemoncode.Books.FunctionalTests\Lemoncode.Books.FunctionalTests.csproj", "{3C12E2B8-2B60-4BB2-BA39-58AEB17E4589}"
EndProject
Global
	GlobalSection(SolutionConfigurationPlatforms) = preSolution
		Debug|Any CPU = Debug|Any CPU
		Debug|x64 = Debug|x64
		Debug|x86 = Debug|x86
		Release|Any CPU = Release|Any CPU
		Release|x64 = Release|x64
		Release|x86 = Release|x86
	EndGlobalSection
	GlobalSection(SolutionProperties) = preSolution
		HideSolutionNode = FALSE
	EndGlobalSection
	GlobalSection(ProjectConfigurationPlatforms) = postSolution
		{6258520F-4666-4ABC-81C1-376C3B8EEBC3}.Debug|Any CPU.ActiveCfg = Debug|Any CPU
		{6258520F-4666-4ABC-81C1-376C3B8EEBC3}.Debug|Any CPU.Build.0 = Debug|Any CPU
		{6258520F-4666-4ABC-81C1-376C3B8EEBC3}.Debug|x64.ActiveCfg = Debug|Any CPU
		{6258520F-4666-4ABC-81C1-376C3B8EEBC3}.Debug|x64.Build.0 = Debug|Any CPU
		{6258520F-4666-4ABC-81C1-376C3B8EEBC3}.Debug|x86.ActiveCfg = Debug|Any CPU
		{6258520F-4666-4ABC-81C1-376C3B8EEBC3}.Debug|x86.Build.0 = Debug|Any CPU
		{6258520F-4666-4ABC-81C1-376C3B8EEBC3}.Release|Any CPU.ActiveCfg = Release|Any CPU
		{6258520F-4666-4ABC-81C1-376C3B8EEBC3}.Release|Any CPU.Build.0 = Release|Any CPU
		{6258520F-4666-4ABC-81C1-376C3B8EEBC3}.Release|x64.ActiveCfg = Release|Any CPU
		{6258520F-4666-4ABC-81C1-376C3B8EEBC3}.Release|x64.Build.0 = Release|Any CPU
		{6258520F-4666-4ABC-81C1-376C3B8EEBC3}.Release|x86.ActiveCfg = Release|Any CPU
		{6258520F-4666-4ABC-81C1-376C3B8EEBC3}.Release|x86.Build.0 = Release|Any CPU
		{AA4BE027-9AC0-4615-8974-D392811C40FC}.Debug|Any CPU.ActiveCfg = Debug|Any CPU
		{AA4BE027-9AC0-4615-8974-D392811C40FC}.Debug|Any CPU.Build.0 = Debug|Any CPU
		{AA4BE027-9AC0-4615-8974-D392811C40FC}.Debug|x64.ActiveCfg = Debug|Any CPU
		{AA4BE027-9AC0-4615-8974-D392811C40FC}.Debug|x64.Build.0 = Debug|Any CPU
		{AA4BE027-9AC0-4615-8974-D392811C40FC}.Debug|x86.ActiveCfg = Debug|Any CPU
		{AA4BE027-9AC0-4615-8974-D392811C40FC}.Debug|x86.Build.0 = Debug|Any CPU
		{AA4BE027-9AC0-4615-8974-D392811C40FC}.Release|Any CPU.ActiveCfg = Release|Any CPU
		{AA4BE027-9AC0-4615-8974-D392811C40FC}.Release|Any CPU.Build.0 = Release|Any CPU
		{AA4BE027-9AC0-4615-8974-D392811C40FC}.Release|x64.ActiveCfg = Release|Any CPU
		{AA4BE027-9AC0-4615-8974-D392811C40FC}.Release|x64.Build.0 = Release|Any CPU
		{AA4BE027-9AC0-4615-8974-D392811C40FC}.Release|x86.ActiveCfg = Release|Any CPU
		{AA4BE027-9AC0-4615-8974-D392811C40FC}.Release|x86.Build.0 = Release|Any CPU
		{C62F5EE1-4BD7-4999-AD4B-A3B46510D6D0}.Debug|Any CPU.ActiveCfg = Debug|Any CPU
		{C62F5EE1-4BD7-4999-AD4B-A3B46510D6D0}.Debug|Any CPU.Build.0 = Debug|Any CPU
		{C62F5EE1-4BD7-4999-AD4B-A3B46510D6D0}.Debug|x64.ActiveCfg = Debug|Any CPU
		{C62F5EE1-4BD7-4999-AD4B-A3B46510D6D0}.Debug|x64.Build.0 = Debug|Any CPU
		{C62F5EE1-4BD7-4999-AD4B-A3B46510D6D0}.Debug|x86.ActiveCfg = Debug|Any CPU
		{C62F5EE1-4BD7-4999-AD4B-A3B46510D6D0}.Debug|x86.Build.0 = Debug|Any CPU
		{C62F5EE1-4BD7-4999-AD4B-A3B46510D6D0}.Release|Any CPU.ActiveCfg = Release|Any CPU
		{C62F5EE1-4BD7-4999-AD4B-A3B46510D6D0}.Release|Any CPU.Build.0 = Release|Any CPU
		{C62F5EE1-4BD7-4999-AD4B-A3B46510D6D0}.Release|x64.ActiveCfg = Release|Any CPU
		{C62F5EE1-4BD7-4999-AD4B-A3B46510D6D0}.Release|x64.Build.0 = Release|Any CPU
		{C62F5EE1-4BD7-4999-AD4B-A3B46510D6D0}.Release|x86.ActiveCfg = Release|Any CPU
		{C62F5EE1-4BD7-4999-AD4B-A3B46510D6D0}.Release|x86.Build.0 = Release|Any CPU
		{3C12E2B8-2B60-4BB2-BA39-58AEB17E4589}.Debug|Any CPU.ActiveCfg = Debug|Any CPU
		{3C12E2B8-2B60-4BB2-BA39-58AEB17E4589}.Debug|Any CPU.Build.0 = Debug|Any CPU
		{3C12E2B8-2B60-4BB2-BA39-58AEB17E4589}.Debug|x64.ActiveCfg = Debug|Any CPU
		{3C12E2B8-2B60-4BB2-BA39-58AEB17E4589}.Debug|x64.Build.0 = Debug|Any CPU
		{3C12E2B8-2B60-4BB2-BA39-58AEB17E4589}.Debug|x86.ActiveCfg = Debug|Any CPU
		{3C12E2B8-2B60-4BB2-BA39-58AEB17E4589}.Debug|x86.Build.0 = Debug|Any CPU
		{3C12E2B8-2B60-4BB2-BA39-58AEB17E4589}.Release|Any CPU.ActiveCfg = Release|Any CPU
		{3C12E2B8-2B60-4BB2-BA39-58AEB17E4589}.Release|Any CPU.Build.0 = Release|Any CPU
		{3C12E2B8-2B60-4BB2-BA39-58AEB17E4589}.Release|x64.ActiveCfg = Release|Any CPU
		{3C12E2B8-2B60-4BB2-BA39-58AEB17E4589}.Release|x64.Build.0 = Release|Any CPU
		{3C12E2B8-2B60-4BB2-BA39-58AEB17E4589}.Release|x86.ActiveCfg = Release|Any CPU
		{3C12E2B8-2B60-4BB2-BA39-58AEB17E4589}.Release|x86.Build.0 = Release|Any CPU
	EndGlobalSection
	GlobalSection(NestedProjects) = preSolution
		{6258520F-4666-4ABC-81C1-376C3B8EEBC3} = {407CF4A6-F572-44BC-8204-4E8E9783EEFC}
		{AA4BE027-9AC0-4615-8974-D392811C40FC} = {407CF4A6-F572-44BC-8204-4E8E9783EEFC}
		{C62F5EE1-4BD7-4999-AD4B-A3B46510D6D0} = {407CF4A6-F572-44BC-8204-4E8E9783EEFC}
		{3C12E2B8-2B60-4BB2-BA39-58AEB17E4589} = {DE46B109-7FCB-448C-853F-22A67DBB3417}
	EndGlobalSection
EndGlobal
