
Microsoft Visual Studio Solution File, Format Version 12.00
# Visual Studio Version 17
VisualStudioVersion = 17.4.33205.214
MinimumVisualStudioVersion = 10.0.40219.1
Project("{FAE04EC0-301F-11D3-BF4B-00C04F79EFBC}") = "TaxCalculator", "TaxCalculator\TaxCalculator.csproj", "{8D852882-CB75-4584-82AE-7C800EAE4DCC}"
EndProject
Global
	GlobalSection(SolutionConfigurationPlatforms) = preSolution
		Debug|Any CPU = Debug|Any CPU
		Release|Any CPU = Release|Any CPU
	EndGlobalSection
	GlobalSection(ProjectConfigurationPlatforms) = postSolution
		{8D852882-CB75-4584-82AE-7C800EAE4DCC}.Debug|Any CPU.ActiveCfg = Debug|Any CPU
		{8D852882-CB75-4584-82AE-7C800EAE4DCC}.Debug|Any CPU.Build.0 = Debug|Any CPU
		{8D852882-CB75-4584-82AE-7C800EAE4DCC}.Release|Any CPU.ActiveCfg = Release|Any CPU
		{8D852882-CB75-4584-82AE-7C800EAE4DCC}.Release|Any CPU.Build.0 = Release|Any CPU
	EndGlobalSection
	GlobalSection(SolutionProperties) = preSolution
		HideSolutionNode = FALSE
	EndGlobalSection
	GlobalSection(ExtensibilityGlobals) = postSolution
		SolutionGuid = {F2BBF12A-36AF-4D65-9A34-F39F9973ED55}
	EndGlobalSection
EndGlobal
