
Microsoft Visual Studio Solution File, Format Version 12.00
# Visual Studio Version 16
VisualStudioVersion = 16.0.30114.105
MinimumVisualStudioVersion = 10.0.40219.1
Project("{2150E333-8FDC-42A3-9474-1A3956D46DE8}") = "src", "src", "{88CF1542-F260-4973-A495-D6A433F38721}"
EndProject
Project("{2150E333-8FDC-42A3-9474-1A3956D46DE8}") = "test", "test", "{93097A2A-88B7-404D-9702-EB680680E017}"
EndProject
Project("{9A19103F-16F7-4668-BE54-9A1E7A4F7556}") = "Lemoncode.CryptoFiatConverter", "src\Lemoncode.CryptoFiatConverter\Lemoncode.CryptoFiatConverter.csproj", "{9C3A0E89-44E2-4DDE-9431-A025C7AFC077}"
EndProject
Project("{2150E333-8FDC-42A3-9474-1A3956D46DE8}") = "Solution Items", "Solution Items", "{28325CA9-367C-4ABB-9443-CFF6C43FC124}"
	ProjectSection(SolutionItems) = preProject
		.gitlab-ci.yml = .gitlab-ci.yml
		README.md = README.md
	EndProjectSection
EndProject
Project("{9A19103F-16F7-4668-BE54-9A1E7A4F7556}") = "Lemoncode.CryptoFiatConverter.UnitTests", "test\Lemoncode.CryptoFiatConverter.UnitTests\Lemoncode.CryptoFiatConverter.UnitTests.csproj", "{7D28CEB4-D7D7-4FB1-B8AB-6AEAC6A325B5}"
EndProject
Project("{9A19103F-16F7-4668-BE54-9A1E7A4F7556}") = "Lemoncode.CryptoFiatConverter.Abstractions", "src\Lemoncode.CryptoFiatConverter.Abstractions\Lemoncode.CryptoFiatConverter.Abstractions.csproj", "{C3651343-0EC3-4FB9-A5CB-97C1F7F6C8F6}"
EndProject
Global
	GlobalSection(SolutionConfigurationPlatforms) = preSolution
		Debug|Any CPU = Debug|Any CPU
		Debug|x64 = Debug|x64
		Debug|x86 = Debug|x86
		Release|Any CPU = Release|Any CPU
		Release|x64 = Release|x64
		Release|x86 = Release|x86
	EndGlobalSection
	GlobalSection(ProjectConfigurationPlatforms) = postSolution
		{9C3A0E89-44E2-4DDE-9431-A025C7AFC077}.Debug|Any CPU.ActiveCfg = Debug|Any CPU
		{9C3A0E89-44E2-4DDE-9431-A025C7AFC077}.Debug|Any CPU.Build.0 = Debug|Any CPU
		{9C3A0E89-44E2-4DDE-9431-A025C7AFC077}.Debug|x64.ActiveCfg = Debug|Any CPU
		{9C3A0E89-44E2-4DDE-9431-A025C7AFC077}.Debug|x64.Build.0 = Debug|Any CPU
		{9C3A0E89-44E2-4DDE-9431-A025C7AFC077}.Debug|x86.ActiveCfg = Debug|Any CPU
		{9C3A0E89-44E2-4DDE-9431-A025C7AFC077}.Debug|x86.Build.0 = Debug|Any CPU
		{9C3A0E89-44E2-4DDE-9431-A025C7AFC077}.Release|Any CPU.ActiveCfg = Release|Any CPU
		{9C3A0E89-44E2-4DDE-9431-A025C7AFC077}.Release|Any CPU.Build.0 = Release|Any CPU
		{9C3A0E89-44E2-4DDE-9431-A025C7AFC077}.Release|x64.ActiveCfg = Release|Any CPU
		{9C3A0E89-44E2-4DDE-9431-A025C7AFC077}.Release|x64.Build.0 = Release|Any CPU
		{9C3A0E89-44E2-4DDE-9431-A025C7AFC077}.Release|x86.ActiveCfg = Release|Any CPU
		{9C3A0E89-44E2-4DDE-9431-A025C7AFC077}.Release|x86.Build.0 = Release|Any CPU
		{7D28CEB4-D7D7-4FB1-B8AB-6AEAC6A325B5}.Debug|Any CPU.ActiveCfg = Debug|Any CPU
		{7D28CEB4-D7D7-4FB1-B8AB-6AEAC6A325B5}.Debug|Any CPU.Build.0 = Debug|Any CPU
		{7D28CEB4-D7D7-4FB1-B8AB-6AEAC6A325B5}.Debug|x64.ActiveCfg = Debug|Any CPU
		{7D28CEB4-D7D7-4FB1-B8AB-6AEAC6A325B5}.Debug|x64.Build.0 = Debug|Any CPU
		{7D28CEB4-D7D7-4FB1-B8AB-6AEAC6A325B5}.Debug|x86.ActiveCfg = Debug|Any CPU
		{7D28CEB4-D7D7-4FB1-B8AB-6AEAC6A325B5}.Debug|x86.Build.0 = Debug|Any CPU
		{7D28CEB4-D7D7-4FB1-B8AB-6AEAC6A325B5}.Release|Any CPU.ActiveCfg = Release|Any CPU
		{7D28CEB4-D7D7-4FB1-B8AB-6AEAC6A325B5}.Release|Any CPU.Build.0 = Release|Any CPU
		{7D28CEB4-D7D7-4FB1-B8AB-6AEAC6A325B5}.Release|x64.ActiveCfg = Release|Any CPU
		{7D28CEB4-D7D7-4FB1-B8AB-6AEAC6A325B5}.Release|x64.Build.0 = Release|Any CPU
		{7D28CEB4-D7D7-4FB1-B8AB-6AEAC6A325B5}.Release|x86.ActiveCfg = Release|Any CPU
		{7D28CEB4-D7D7-4FB1-B8AB-6AEAC6A325B5}.Release|x86.Build.0 = Release|Any CPU
		{C3651343-0EC3-4FB9-A5CB-97C1F7F6C8F6}.Debug|Any CPU.ActiveCfg = Debug|Any CPU
		{C3651343-0EC3-4FB9-A5CB-97C1F7F6C8F6}.Debug|Any CPU.Build.0 = Debug|Any CPU
		{C3651343-0EC3-4FB9-A5CB-97C1F7F6C8F6}.Debug|x64.ActiveCfg = Debug|Any CPU
		{C3651343-0EC3-4FB9-A5CB-97C1F7F6C8F6}.Debug|x64.Build.0 = Debug|Any CPU
		{C3651343-0EC3-4FB9-A5CB-97C1F7F6C8F6}.Debug|x86.ActiveCfg = Debug|Any CPU
		{C3651343-0EC3-4FB9-A5CB-97C1F7F6C8F6}.Debug|x86.Build.0 = Debug|Any CPU
		{C3651343-0EC3-4FB9-A5CB-97C1F7F6C8F6}.Release|Any CPU.ActiveCfg = Release|Any CPU
		{C3651343-0EC3-4FB9-A5CB-97C1F7F6C8F6}.Release|Any CPU.Build.0 = Release|Any CPU
		{C3651343-0EC3-4FB9-A5CB-97C1F7F6C8F6}.Release|x64.ActiveCfg = Release|Any CPU
		{C3651343-0EC3-4FB9-A5CB-97C1F7F6C8F6}.Release|x64.Build.0 = Release|Any CPU
		{C3651343-0EC3-4FB9-A5CB-97C1F7F6C8F6}.Release|x86.ActiveCfg = Release|Any CPU
		{C3651343-0EC3-4FB9-A5CB-97C1F7F6C8F6}.Release|x86.Build.0 = Release|Any CPU
	EndGlobalSection
	GlobalSection(SolutionProperties) = preSolution
		HideSolutionNode = FALSE
	EndGlobalSection
	GlobalSection(NestedProjects) = preSolution
		{9C3A0E89-44E2-4DDE-9431-A025C7AFC077} = {88CF1542-F260-4973-A495-D6A433F38721}
		{7D28CEB4-D7D7-4FB1-B8AB-6AEAC6A325B5} = {93097A2A-88B7-404D-9702-EB680680E017}
		{C3651343-0EC3-4FB9-A5CB-97C1F7F6C8F6} = {88CF1542-F260-4973-A495-D6A433F38721}
	EndGlobalSection
	GlobalSection(ExtensibilityGlobals) = postSolution
		SolutionGuid = {ACE97F0C-31DC-4A7A-A7FE-4D16D75FA356}
	EndGlobalSection
EndGlobal
